
Microsoft Visual Studio Solution File, Format Version 12.00
# Visual Studio 15
VisualStudioVersion = 15.0.27004.2002
MinimumVisualStudioVersion = 10.0.40219.1
Project("{FAE04EC0-301F-11D3-BF4B-00C04F79EFBC}") = "LyricsManager", "LyricsManager\LyricsManager.csproj", "{7F4C1CA2-0A4A-4E6D-AA32-4D82E17975AB}"
EndProject
Global
	GlobalSection(SolutionConfigurationPlatforms) = preSolution
		Debug|Any CPU = Debug|Any CPU
		Release|Any CPU = Release|Any CPU
	EndGlobalSection
	GlobalSection(ProjectConfigurationPlatforms) = postSolution
		{7F4C1CA2-0A4A-4E6D-AA32-4D82E17975AB}.Debug|Any CPU.ActiveCfg = Debug|Any CPU
		{7F4C1CA2-0A4A-4E6D-AA32-4D82E17975AB}.Debug|Any CPU.Build.0 = Debug|Any CPU
		{7F4C1CA2-0A4A-4E6D-AA32-4D82E17975AB}.Release|Any CPU.ActiveCfg = Release|Any CPU
		{7F4C1CA2-0A4A-4E6D-AA32-4D82E17975AB}.Release|Any CPU.Build.0 = Release|Any CPU
	EndGlobalSection
	GlobalSection(SolutionProperties) = preSolution
		HideSolutionNode = FALSE
	EndGlobalSection
	GlobalSection(ExtensibilityGlobals) = postSolution
		SolutionGuid = {53520FF3-32C5-494E-B78C-9D2466CFD76E}
	EndGlobalSection
EndGlobal
